PODS:
  - kisa-crypto-swift (0.1.0)

DEPENDENCIES:
  - kisa-crypto-swift (from `../`)

EXTERNAL SOURCES:
  kisa-crypto-swift:
    :path: "../"

SPEC CHECKSUMS:
  kisa-crypto-swift: b6c3f23aafea1b437e2803ebfd86caf65e396ad5

PODFILE CHECKSUM: eeacbcd935f40ddb95726c3d99618a39a5446c7a

COCOAPODS: 1.7.2
